
Microsoft Visual Studio Solution File, Format Version 12.00
# Visual Studio Version 17
VisualStudioVersion = 17.4.33213.308
MinimumVisualStudioVersion = 10.0.40219.1
Project("{FAE04EC0-301F-11D3-BF4B-00C04F79EFBC}") = "WebUygAPI", "WebUygAPI\WebUygAPI.csproj", "{67BEA6B0-080B-4FDF-A3F6-20014ACF1565}"
EndProject
Global
	GlobalSection(SolutionConfigurationPlatforms) = preSolution
		Debug|Any CPU = Debug|Any CPU
		Release|Any CPU = Release|Any CPU
	EndGlobalSection
	GlobalSection(ProjectConfigurationPlatforms) = postSolution
		{67BEA6B0-080B-4FDF-A3F6-20014ACF1565}.Debug|Any CPU.ActiveCfg = Debug|Any CPU
		{67BEA6B0-080B-4FDF-A3F6-20014ACF1565}.Debug|Any CPU.Build.0 = Debug|Any CPU
		{67BEA6B0-080B-4FDF-A3F6-20014ACF1565}.Release|Any CPU.ActiveCfg = Release|Any CPU
		{67BEA6B0-080B-4FDF-A3F6-20014ACF1565}.Release|Any CPU.Build.0 = Release|Any CPU
	EndGlobalSection
	GlobalSection(SolutionProperties) = preSolution
		HideSolutionNode = FALSE
	EndGlobalSection
	GlobalSection(ExtensibilityGlobals) = postSolution
		SolutionGuid = {E4BF91F6-9BFB-4225-84C9-F7DAC2264F59}
	EndGlobalSection
EndGlobal
